
Microsoft Visual Studio Solution File, Format Version 12.00
# Visual Studio Version 17
VisualStudioVersion = 17.14.36603.0 d17.14
MinimumVisualStudioVersion = 10.0.40219.1
Project("{FAE04EC0-301F-11D3-BF4B-00C04F79EFBC}") = "C#practice", "C#practice\C#practice.csproj", "{0990B085-D0EF-4EC1-89EA-FA5388663F46}"
EndProject
Global
	GlobalSection(SolutionConfigurationPlatforms) = preSolution
		Debug|Any CPU = Debug|Any CPU
		Release|Any CPU = Release|Any CPU
	EndGlobalSection
	GlobalSection(ProjectConfigurationPlatforms) = postSolution
		{0990B085-D0EF-4EC1-89EA-FA5388663F46}.Debug|Any CPU.ActiveCfg = Debug|Any CPU
		{0990B085-D0EF-4EC1-89EA-FA5388663F46}.Debug|Any CPU.Build.0 = Debug|Any CPU
		{0990B085-D0EF-4EC1-89EA-FA5388663F46}.Release|Any CPU.ActiveCfg = Release|Any CPU
		{0990B085-D0EF-4EC1-89EA-FA5388663F46}.Release|Any CPU.Build.0 = Release|Any CPU
	EndGlobalSection
	GlobalSection(SolutionProperties) = preSolution
		HideSolutionNode = FALSE
	EndGlobalSection
	GlobalSection(ExtensibilityGlobals) = postSolution
		SolutionGuid = {AA4BC039-E93A-462F-87F8-2C9202F7662C}
	EndGlobalSection
EndGlobal
