
Microsoft Visual Studio Solution File, Format Version 12.00
# Visual Studio Version 17
VisualStudioVersion = 17.14.36603.0 d17.14
MinimumVisualStudioVersion = 10.0.40219.1
Project("{FAE04EC0-301F-11D3-BF4B-00C04F79EFBC}") = "Webapi3", "Webapi3\Webapi3.csproj", "{1FE8CA84-35B2-4032-AFC5-DD2114CDFDED}"
EndProject
Global
	GlobalSection(SolutionConfigurationPlatforms) = preSolution
		Debug|Any CPU = Debug|Any CPU
		Release|Any CPU = Release|Any CPU
	EndGlobalSection
	GlobalSection(ProjectConfigurationPlatforms) = postSolution
		{1FE8CA84-35B2-4032-AFC5-DD2114CDFDED}.Debug|Any CPU.ActiveCfg = Debug|Any CPU
		{1FE8CA84-35B2-4032-AFC5-DD2114CDFDED}.Debug|Any CPU.Build.0 = Debug|Any CPU
		{1FE8CA84-35B2-4032-AFC5-DD2114CDFDED}.Release|Any CPU.ActiveCfg = Release|Any CPU
		{1FE8CA84-35B2-4032-AFC5-DD2114CDFDED}.Release|Any CPU.Build.0 = Release|Any CPU
	EndGlobalSection
	GlobalSection(SolutionProperties) = preSolution
		HideSolutionNode = FALSE
	EndGlobalSection
	GlobalSection(ExtensibilityGlobals) = postSolution
		SolutionGuid = {4CD5C20C-8F7C-4927-B8F7-05588798E9D2}
	EndGlobalSection
EndGlobal
