
Microsoft Visual Studio Solution File, Format Version 12.00
# Visual Studio Version 17
VisualStudioVersion = 17.14.36603.0 d17.14
MinimumVisualStudioVersion = 10.0.40219.1
Project("{FAE04EC0-301F-11D3-BF4B-00C04F79EFBC}") = "Project", "Project\Project.csproj", "{66FAB965-9831-4F91-9822-37D1C2C20496}"
EndProject
Global
	GlobalSection(SolutionConfigurationPlatforms) = preSolution
		Debug|Any CPU = Debug|Any CPU
		Release|Any CPU = Release|Any CPU
	EndGlobalSection
	GlobalSection(ProjectConfigurationPlatforms) = postSolution
		{66FAB965-9831-4F91-9822-37D1C2C20496}.Debug|Any CPU.ActiveCfg = Debug|Any CPU
		{66FAB965-9831-4F91-9822-37D1C2C20496}.Debug|Any CPU.Build.0 = Debug|Any CPU
		{66FAB965-9831-4F91-9822-37D1C2C20496}.Release|Any CPU.ActiveCfg = Release|Any CPU
		{66FAB965-9831-4F91-9822-37D1C2C20496}.Release|Any CPU.Build.0 = Release|Any CPU
	EndGlobalSection
	GlobalSection(SolutionProperties) = preSolution
		HideSolutionNode = FALSE
	EndGlobalSection
	GlobalSection(ExtensibilityGlobals) = postSolution
		SolutionGuid = {61448A4A-A7EF-45BF-B41E-A3CE045628EA}
	EndGlobalSection
EndGlobal
