
Microsoft Visual Studio Solution File, Format Version 12.00
# Visual Studio Version 17
VisualStudioVersion = 17.14.36603.0 d17.14
MinimumVisualStudioVersion = 10.0.40219.1
Project("{FAE04EC0-301F-11D3-BF4B-00C04F79EFBC}") = "webapi", "webapi\webapi.csproj", "{0157092F-22F0-420B-9A65-CCC3F7F408C9}"
EndProject
Global
	GlobalSection(SolutionConfigurationPlatforms) = preSolution
		Debug|Any CPU = Debug|Any CPU
		Release|Any CPU = Release|Any CPU
	EndGlobalSection
	GlobalSection(ProjectConfigurationPlatforms) = postSolution
		{0157092F-22F0-420B-9A65-CCC3F7F408C9}.Debug|Any CPU.ActiveCfg = Debug|Any CPU
		{0157092F-22F0-420B-9A65-CCC3F7F408C9}.Debug|Any CPU.Build.0 = Debug|Any CPU
		{0157092F-22F0-420B-9A65-CCC3F7F408C9}.Release|Any CPU.ActiveCfg = Release|Any CPU
		{0157092F-22F0-420B-9A65-CCC3F7F408C9}.Release|Any CPU.Build.0 = Release|Any CPU
	EndGlobalSection
	GlobalSection(SolutionProperties) = preSolution
		HideSolutionNode = FALSE
	EndGlobalSection
	GlobalSection(ExtensibilityGlobals) = postSolution
		SolutionGuid = {235260DD-3232-472B-B43C-4B00371B9C1D}
	EndGlobalSection
EndGlobal
