
Microsoft Visual Studio Solution File, Format Version 12.00
# Visual Studio Version 17
VisualStudioVersion = 17.14.36603.0
MinimumVisualStudioVersion = 10.0.40219.1
Project("{FAE04EC0-301F-11D3-BF4B-00C04F79EFBC}") = "month3", "month3\month3.csproj", "{0F49CAA0-2059-4F41-8B6A-1A464CDD8ED0}"
EndProject
Project("{FAE04EC0-301F-11D3-BF4B-00C04F79EFBC}") = "WebApi", "WebApi\WebApi.csproj", "{44C734BD-3786-43BB-941E-9AE59D59E8CA}"
EndProject
Global
	GlobalSection(SolutionConfigurationPlatforms) = preSolution
		Debug|Any CPU = Debug|Any CPU
		Release|Any CPU = Release|Any CPU
	EndGlobalSection
	GlobalSection(ProjectConfigurationPlatforms) = postSolution
		{0F49CAA0-2059-4F41-8B6A-1A464CDD8ED0}.Debug|Any CPU.ActiveCfg = Debug|Any CPU
		{0F49CAA0-2059-4F41-8B6A-1A464CDD8ED0}.Debug|Any CPU.Build.0 = Debug|Any CPU
		{0F49CAA0-2059-4F41-8B6A-1A464CDD8ED0}.Release|Any CPU.ActiveCfg = Release|Any CPU
		{0F49CAA0-2059-4F41-8B6A-1A464CDD8ED0}.Release|Any CPU.Build.0 = Release|Any CPU
		{44C734BD-3786-43BB-941E-9AE59D59E8CA}.Debug|Any CPU.ActiveCfg = Debug|Any CPU
		{44C734BD-3786-43BB-941E-9AE59D59E8CA}.Debug|Any CPU.Build.0 = Debug|Any CPU
		{44C734BD-3786-43BB-941E-9AE59D59E8CA}.Release|Any CPU.ActiveCfg = Release|Any CPU
		{44C734BD-3786-43BB-941E-9AE59D59E8CA}.Release|Any CPU.Build.0 = Release|Any CPU
	EndGlobalSection
	GlobalSection(SolutionProperties) = preSolution
		HideSolutionNode = FALSE
	EndGlobalSection
	GlobalSection(ExtensibilityGlobals) = postSolution
		SolutionGuid = {AD8D3343-A851-4BBD-92FE-FB775A409039}
	EndGlobalSection
EndGlobal
